
Microsoft Visual Studio Solution File, Format Version 12.00
# Visual Studio Version 16
VisualStudioVersion = 16.0.30621.155
MinimumVisualStudioVersion = 10.0.40219.1
Project("{9A19103F-16F7-4668-BE54-9A1E7A4F7556}") = "super-comment-viewer", "super-comment-viewer\super-comment-viewer.csproj", "{64507856-BF96-4EFB-8494-D4AADABC0DA9}"
EndProject
Project("{FAE04EC0-301F-11D3-BF4B-00C04F79EFBC}") = "test-super-comment-viewer", "test-super-comment-viewer\test-super-comment-viewer.csproj", "{F939E0DC-546E-4A70-B833-2CE24CDECCAB}"
EndProject
Global
	GlobalSection(SolutionConfigurationPlatforms) = preSolution
		Debug|Any CPU = Debug|Any CPU
		Release|Any CPU = Release|Any CPU
	EndGlobalSection
	GlobalSection(ProjectConfigurationPlatforms) = postSolution
		{64507856-BF96-4EFB-8494-D4AADABC0DA9}.Debug|Any CPU.ActiveCfg = Debug|Any CPU
		{64507856-BF96-4EFB-8494-D4AADABC0DA9}.Debug|Any CPU.Build.0 = Debug|Any CPU
		{64507856-BF96-4EFB-8494-D4AADABC0DA9}.Release|Any CPU.ActiveCfg = Release|Any CPU
		{64507856-BF96-4EFB-8494-D4AADABC0DA9}.Release|Any CPU.Build.0 = Release|Any CPU
		{F939E0DC-546E-4A70-B833-2CE24CDECCAB}.Debug|Any CPU.ActiveCfg = Debug|Any CPU
		{F939E0DC-546E-4A70-B833-2CE24CDECCAB}.Debug|Any CPU.Build.0 = Debug|Any CPU
		{F939E0DC-546E-4A70-B833-2CE24CDECCAB}.Release|Any CPU.ActiveCfg = Release|Any CPU
		{F939E0DC-546E-4A70-B833-2CE24CDECCAB}.Release|Any CPU.Build.0 = Release|Any CPU
	EndGlobalSection
	GlobalSection(SolutionProperties) = preSolution
		HideSolutionNode = FALSE
	EndGlobalSection
	GlobalSection(ExtensibilityGlobals) = postSolution
		SolutionGuid = {D8098EAF-492E-4995-B92E-68BC9661DF46}
	EndGlobalSection
EndGlobal
